// !$*UTF8*$!
{
	archiveVersion = 1;
	classes = {
	};
	objectVersion = 56;
	objects = {

/* Begin PBXBuildFile section */
		812CB758AF0CCFFA633B08AE /* Pods_My_sample_project.framework in Frameworks */ = {isa = PBXBuildFile; fileRef = 886F43623BE86156C656EF3F /* Pods_My_sample_project.framework */; };
		BBF7E60C298B321B0049747A /* AppDelegate.swift in Sources */ = {isa = PBXBuildFile; fileRef = BBF7E60B298B321B0049747A /* AppDelegate.swift */; };
		BBF7E60E298B321B0049747A /* SceneDelegate.swift in Sources */ = {isa = PBXBuildFile; fileRef = BBF7E60D298B321B0049747A /* SceneDelegate.swift */; };
		BBF7E610298B321B0049747A /* ViewController.swift in Sources */ = {isa = PBXBuildFile; fileRef = BBF7E60F298B321B0049747A /* ViewController.swift */; };
		BBF7E613298B321B0049747A /* Main.storyboard in Resources */ = {isa = PBXBuildFile; fileRef = BBF7E611298B321B0049747A /* Main.storyboard */; };
		BBF7E615298B321E0049747A /* Assets.xcassets in Resources */ = {isa = PBXBuildFile; fileRef = BBF7E614298B321E0049747A /* Assets.xcassets */; };
		BBF7E618298B321E0049747A /* LaunchScreen.storyboard in Resources */ = {isa = PBXBuildFile; fileRef = BBF7E616298B321E0049747A /* LaunchScreen.storyboard */; };
		BBF7E620298B340A0049747A /* SupportNavController.swift in Sources */ = {isa = PBXBuildFile; fileRef = BBF7E61F298B340A0049747A /* SupportNavController.swift */; };
/* End PBXBuildFile section */

/* Begin PBXFileReference section */
		396F25DC293B3F0C000DBA2C /* Pods-My sample project.debug.xcconfig */ = {isa = PBXFileReference; includeInIndex = 1; lastKnownFileType = text.xcconfig; name = "Pods-My sample project.debug.xcconfig"; path = "Target Support Files/Pods-My sample project/Pods-My sample project.debug.xcconfig"; sourceTree = "<group>"; };
		886F43623BE86156C656EF3F /* Pods_My_sample_project.framework */ = {isa = PBXFileReference; explicitFileType = wrapper.framework; includeInIndex = 0; path = Pods_My_sample_project.framework; sourceTree = BUILT_PRODUCTS_DIR; };
		BBF7E608298B321B0049747A /* My sample project.app */ = {isa = PBXFileReference; explicitFileType = wrapper.application; includeInIndex = 0; path = "My sample project.app"; sourceTree = BUILT_PRODUCTS_DIR; };
		BBF7E60B298B321B0049747A /* AppDelegate.swift */ = {isa = PBXFileReference; lastKnownFileType = sourcecode.swift; path = AppDelegate.swift; sourceTree = "<group>"; };
		BBF7E60D298B321B0049747A /* SceneDelegate.swift */ = {isa = PBXFileReference; lastKnownFileType = sourcecode.swift; path = SceneDelegate.swift; sourceTree = "<group>"; };
		BBF7E60F298B321B0049747A /* ViewController.swift */ = {isa = PBXFileReference; lastKnownFileType = sourcecode.swift; path = ViewController.swift; sourceTree = "<group>"; };
		BBF7E612298B321B0049747A /* Base */ = {isa = PBXFileReference; lastKnownFileType = file.storyboard; name = Base; path = Base.lproj/Main.storyboard; sourceTree = "<group>"; };
		BBF7E614298B321E0049747A /* Assets.xcassets */ = {isa = PBXFileReference; lastKnownFileType = folder.assetcatalog; path = Assets.xcassets; sourceTree = "<group>"; };
		BBF7E617298B321E0049747A /* Base */ = {isa = PBXFileReference; lastKnownFileType = file.storyboard; name = Base; path = Base.lproj/LaunchScreen.storyboard; sourceTree = "<group>"; };
		BBF7E619298B321E0049747A /* Info.plist */ = {isa = PBXFileReference; lastKnownFileType = text.plist.xml; path = Info.plist; sourceTree = "<group>"; };
		BBF7E61F298B340A0049747A /* SupportNavController.swift */ = {isa = PBXFileReference; lastKnownFileType = sourcecode.swift; path = SupportNavController.swift; sourceTree = "<group>"; };
		C690F68A1168980D1CB7FF03 /* Pods-My sample project.release.xcconfig */ = {isa = PBXFileReference; includeInIndex = 1; lastKnownFileType = text.xcconfig; name = "Pods-My sample project.release.xcconfig"; path = "Target Support Files/Pods-My sample project/Pods-My sample project.release.xcconfig"; sourceTree = "<group>"; };
/* End PBXFileReference section */

/* Begin PBXFrameworksBuildPhase section */
		BBF7E605298B321B0049747A /* Frameworks */ = {
			isa = PBXFrameworksBuildPhase;
			buildActionMask = 2147483647;
			files = (
				812CB758AF0CCFFA633B08AE /* Pods_My_sample_project.framework in Frameworks */,
			);
			runOnlyForDeploymentPostprocessing = 0;
		};
/* End PBXFrameworksBuildPhase section */

/* Begin PBXGroup section */
		03A087E436DC753892C87595 /* Frameworks */ = {
			isa = PBXGroup;
			children = (
				886F43623BE86156C656EF3F /* Pods_My_sample_project.framework */,
			);
			name = Frameworks;
			sourceTree = "<group>";
		};
		96154299A3DE26E11008B85F /* Pods */ = {
			isa = PBXGroup;
			children = (
				396F25DC293B3F0C000DBA2C /* Pods-My sample project.debug.xcconfig */,
				C690F68A1168980D1CB7FF03 /* Pods-My sample project.release.xcconfig */,
			);
			path = Pods;
			sourceTree = "<group>";
		};
		BBF7E5FF298B321B0049747A = {
			isa = PBXGroup;
			children = (
				BBF7E60A298B321B0049747A /* My sample project */,
				BBF7E609298B321B0049747A /* Products */,
				96154299A3DE26E11008B85F /* Pods */,
				03A087E436DC753892C87595 /* Frameworks */,
			);
			sourceTree = "<group>";
		};
		BBF7E609298B321B0049747A /* Products */ = {
			isa = PBXGroup;
			children = (
				BBF7E608298B321B0049747A /* My sample project.app */,
			);
			name = Products;
			sourceTree = "<group>";
		};
		BBF7E60A298B321B0049747A /* My sample project */ = {
			isa = PBXGroup;
			children = (
				BBF7E60B298B321B0049747A /* AppDelegate.swift */,
				BBF7E60D298B321B0049747A /* SceneDelegate.swift */,
				BBF7E60F298B321B0049747A /* ViewController.swift */,
				BBF7E611298B321B0049747A /* Main.storyboard */,
				BBF7E61F298B340A0049747A /* SupportNavController.swift */,
				BBF7E614298B321E0049747A /* Assets.xcassets */,
				BBF7E616298B321E0049747A /* LaunchScreen.storyboard */,
				BBF7E619298B321E0049747A /* Info.plist */,
			);
			path = "My sample project";
			sourceTree = "<group>";
		};
/* End PBXGroup section */

/* Begin PBXNativeTarget section */
		BBF7E607298B321B0049747A /* My sample project */ = {
			isa = PBXNativeTarget;
			buildConfigurationList = BBF7E61C298B321E0049747A /* Build configuration list for PBXNativeTarget "My sample project" */;
			buildPhases = (
				08BE99869D40352FA9C1C7EC /* [CP] Check Pods Manifest.lock */,
				BBF7E604298B321B0049747A /* Sources */,
				BBF7E605298B321B0049747A /* Frameworks */,
				BBF7E606298B321B0049747A /* Resources */,
				C4929CD7D0EC8436AFF77B46 /* [CP] Embed Pods Frameworks */,
			);
			buildRules = (
			);
			dependencies = (
			);
			name = "My sample project";
			productName = "My sample project";
			productReference = BBF7E608298B321B0049747A /* My sample project.app */;
			productType = "com.apple.product-type.application";
		};
/* End PBXNativeTarget section */

/* Begin PBXProject section */
		BBF7E600298B321B0049747A /* Project object */ = {
			isa = PBXProject;
			attributes = {
				BuildIndependentTargetsInParallel = 1;
				LastSwiftUpdateCheck = 1420;
				LastUpgradeCheck = 1420;
				TargetAttributes = {
					BBF7E607298B321B0049747A = {
						CreatedOnToolsVersion = 14.2;
					};
				};
			};
			buildConfigurationList = BBF7E603298B321B0049747A /* Build configuration list for PBXProject "My sample project" */;
			compatibilityVersion = "Xcode 14.0";
			developmentRegion = en;
			hasScannedForEncodings = 0;
			knownRegions = (
				en,
				Base,
			);
			mainGroup = BBF7E5FF298B321B0049747A;
			productRefGroup = BBF7E609298B321B0049747A /* Products */;
			projectDirPath = "";
			projectRoot = "";
			targets = (
				BBF7E607298B321B0049747A /* My sample project */,
			);
		};
/* End PBXProject section */

/* Begin PBXResourcesBuildPhase section */
		BBF7E606298B321B0049747A /* Resources */ = {
			isa = PBXResourcesBuildPhase;
			buildActionMask = 2147483647;
			files = (
				BBF7E618298B321E0049747A /* LaunchScreen.storyboard in Resources */,
				BBF7E615298B321E0049747A /* Assets.xcassets in Resources */,
				BBF7E613298B321B0049747A /* Main.storyboard in Resources */,
			);
			runOnlyForDeploymentPostprocessing = 0;
		};
/* End PBXResourcesBuildPhase section */

/* Begin PBXShellScriptBuildPhase section */
		08BE99869D40352FA9C1C7EC /* [CP] Check Pods Manifest.lock */ = {
			isa = PBXShellScriptBuildPhase;
			buildActionMask = 2147483647;
			files = (
			);
			inputFileListPaths = (
			);
			inputPaths = (
				"${PODS_PODFILE_DIR_PATH}/Podfile.lock",
				"${PODS_ROOT}/Manifest.lock",
			);
			name = "[CP] Check Pods Manifest.lock";
			outputFileListPaths = (
			);
			outputPaths = (
				"$(DERIVED_FILE_DIR)/Pods-My sample project-checkManifestLockResult.txt",
			);
			runOnlyForDeploymentPostprocessing = 0;
			shellPath = /bin/sh;
			shellScript = "diff \"${PODS_PODFILE_DIR_PATH}/Podfile.lock\" \"${PODS_ROOT}/Manifest.lock\" > /dev/null\nif [ $? != 0 ] ; then\n    # print error to STDERR\n    echo \"error: The sandbox is not in sync with the Podfile.lock. Run 'pod install' or update your CocoaPods installation.\" >&2\n    exit 1\nfi\n# This output is used by Xcode 'outputs' to avoid re-running this script phase.\necho \"SUCCESS\" > \"${SCRIPT_OUTPUT_FILE_0}\"\n";
			showEnvVarsInLog = 0;
		};
		C4929CD7D0EC8436AFF77B46 /* [CP] Embed Pods Frameworks */ = {
			isa = PBXShellScriptBuildPhase;
			buildActionMask = 2147483647;
			files = (
			);
			inputFileListPaths = (
				"${PODS_ROOT}/Target Support Files/Pods-My sample project/Pods-My sample project-frameworks-${CONFIGURATION}-input-files.xcfilelist",
			);
			name = "[CP] Embed Pods Frameworks";
			outputFileListPaths = (
				"${PODS_ROOT}/Target Support Files/Pods-My sample project/Pods-My sample project-frameworks-${CONFIGURATION}-output-files.xcfilelist",
			);
			runOnlyForDeploymentPostprocessing = 0;
			shellPath = /bin/sh;
			shellScript = "\"${PODS_ROOT}/Target Support Files/Pods-My sample project/Pods-My sample project-frameworks.sh\"\n";
			showEnvVarsInLog = 0;
		};
/* End PBXShellScriptBuildPhase section */

/* Begin PBXSourcesBuildPhase section */
		BBF7E604298B321B0049747A /* Sources */ = {
			isa = PBXSourcesBuildPhase;
			buildActionMask = 2147483647;
			files = (
				BBF7E610298B321B0049747A /* ViewController.swift in Sources */,
				BBF7E60C298B321B0049747A /* AppDelegate.swift in Sources */,
				BBF7E60E298B321B0049747A /* SceneDelegate.swift in Sources */,
				BBF7E620298B340A0049747A /* SupportNavController.swift in Sources */,
			);
			runOnlyForDeploymentPostprocessing = 0;
		};
/* End PBXSourcesBuildPhase section */

/* Begin PBXVariantGroup section */
		BBF7E611298B321B0049747A /* Main.storyboard */ = {
			isa = PBXVariantGroup;
			children = (
				BBF7E612298B321B0049747A /* Base */,
			);
			name = Main.storyboard;
			sourceTree = "<group>";
		};
		BBF7E616298B321E0049747A /* LaunchScreen.storyboard */ = {
			isa = PBXVariantGroup;
			children = (
				BBF7E617298B321E0049747A /* Base */,
			);
			name = LaunchScreen.storyboard;
			sourceTree = "<group>";
		};
/* End PBXVariantGroup section */

/* Begin XCBuildConfiguration section */
		BBF7E61A298B321E0049747A /* Debug */ = {
			isa = XCBuildConfiguration;
			buildSettings = {
				ALWAYS_SEARCH_USER_PATHS = NO;
				CLANG_ANALYZER_NONNULL = YES;
				CLANG_ANALYZER_NUMBER_OBJECT_CONVERSION = YES_AGGRESSIVE;
				CLANG_CXX_LANGUAGE_STANDARD = "gnu++20";
				CLANG_ENABLE_MODULES = YES;
				CLANG_ENABLE_OBJC_ARC = YES;
				CLANG_ENABLE_OBJC_WEAK = YES;
				CLANG_WARN_BLOCK_CAPTURE_AUTORELEASING = YES;
				CLANG_WARN_BOOL_CONVERSION = YES;
				CLANG_WARN_COMMA = YES;
				CLANG_WARN_CONSTANT_CONVERSION = YES;
				CLANG_WARN_DEPRECATED_OBJC_IMPLEMENTATIONS = YES;
				CLANG_WARN_DIRECT_OBJC_ISA_USAGE = YES_ERROR;
				CLANG_WARN_DOCUMENTATION_COMMENTS = YES;
				CLANG_WARN_EMPTY_BODY = YES;
				CLANG_WARN_ENUM_CONVERSION = YES;
				CLANG_WARN_INFINITE_RECURSION = YES;
				CLANG_WARN_INT_CONVERSION = YES;
				CLANG_WARN_NON_LITERAL_NULL_CONVERSION = YES;
				CLANG_WARN_OBJC_IMPLICIT_RETAIN_SELF = YES;
				CLANG_WARN_OBJC_LITERAL_CONVERSION = YES;
				CLANG_WARN_OBJC_ROOT_CLASS = YES_ERROR;
				CLANG_WARN_QUOTED_INCLUDE_IN_FRAMEWORK_HEADER = YES;
				CLANG_WARN_RANGE_LOOP_ANALYSIS = YES;
				CLANG_WARN_STRICT_PROTOTYPES = YES;
				CLANG_WARN_SUSPICIOUS_MOVE = YES;
				CLANG_WARN_UNGUARDED_AVAILABILITY = YES_AGGRESSIVE;
				CLANG_WARN_UNREACHABLE_CODE = YES;
				CLANG_WARN__DUPLICATE_METHOD_MATCH = YES;
				COPY_PHASE_STRIP = NO;
				DEBUG_INFORMATION_FORMAT = dwarf;
				ENABLE_STRICT_OBJC_MSGSEND = YES;
				ENABLE_TESTABILITY = YES;
				GCC_C_LANGUAGE_STANDARD = gnu11;
				GCC_DYNAMIC_NO_PIC = NO;
				GCC_NO_COMMON_BLOCKS = YES;
				GCC_OPTIMIZATION_LEVEL = 0;
				GCC_PREPROCESSOR_DEFINITIONS = (
					"DEBUG=1",
					"$(inherited)",
				);
				GCC_WARN_64_TO_32_BIT_CONVERSION = YES;
				GCC_WARN_ABOUT_RETURN_TYPE = YES_ERROR;
				GCC_WARN_UNDECLARED_SELECTOR = YES;
				GCC_WARN_UNINITIALIZED_AUTOS = YES_AGGRESSIVE;
				GCC_WARN_UNUSED_FUNCTION = YES;
				GCC_WARN_UNUSED_VARIABLE = YES;
				IPHONEOS_DEPLOYMENT_TARGET = 16.2;
				MTL_ENABLE_DEBUG_INFO = INCLUDE_SOURCE;
				MTL_FAST_MATH = YES;
				ONLY_ACTIVE_ARCH = YES;
				SDKROOT = iphoneos;
				SWIFT_ACTIVE_COMPILATION_CONDITIONS = DEBUG;
				SWIFT_OPTIMIZATION_LEVEL = "-Onone";
			};
			name = Debug;
		};
		BBF7E61B298B321E0049747A /* Release */ = {
			isa = XCBuildConfiguration;
			buildSettings = {
				ALWAYS_SEARCH_USER_PATHS = NO;
				CLANG_ANALYZER_NONNULL = YES;
				CLANG_ANALYZER_NUMBER_OBJECT_CONVERSION = YES_AGGRESSIVE;
				CLANG_CXX_LANGUAGE_STANDARD = "gnu++20";
				CLANG_ENABLE_MODULES = YES;
				CLANG_ENABLE_OBJC_ARC = YES;
				CLANG_ENABLE_OBJC_WEAK = YES;
				CLANG_WARN_BLOCK_CAPTURE_AUTORELEASING = YES;
				CLANG_WARN_BOOL_CONVERSION = YES;
				CLANG_WARN_COMMA = YES;
				CLANG_WARN_CONSTANT_CONVERSION = YES;
				CLANG_WARN_DEPRECATED_OBJC_IMPLEMENTATIONS = YES;
				CLANG_WARN_DIRECT_OBJC_ISA_USAGE = YES_ERROR;
				CLANG_WARN_DOCUMENTATION_COMMENTS = YES;
				CLANG_WARN_EMPTY_BODY = YES;
				CLANG_WARN_ENUM_CONVERSION = YES;
				CLANG_WARN_INFINITE_RECURSION = YES;
				CLANG_WARN_INT_CONVERSION = YES;
				CLANG_WARN_NON_LITERAL_NULL_CONVERSION = YES;
				CLANG_WARN_OBJC_IMPLICIT_RETAIN_SELF = YES;
				CLANG_WARN_OBJC_LITERAL_CONVERSION = YES;
				CLANG_WARN_OBJC_ROOT_CLASS = YES_ERROR;
				CLANG_WARN_QUOTED_INCLUDE_IN_FRAMEWORK_HEADER = YES;
				CLANG_WARN_RANGE_LOOP_ANALYSIS = YES;
				CLANG_WARN_STRICT_PROTOTYPES = YES;
				CLANG_WARN_SUSPICIOUS_MOVE = YES;
				CLANG_WARN_UNGUARDED_AVAILABILITY = YES_AGGRESSIVE;
				CLANG_WARN_UNREACHABLE_CODE = YES;
				CLANG_WARN__DUPLICATE_METHOD_MATCH = YES;
				COPY_PHASE_STRIP = NO;
				DEBUG_INFORMATION_FORMAT = "dwarf-with-dsym";
				ENABLE_NS_ASSERTIONS = NO;
				ENABLE_STRICT_OBJC_MSGSEND = YES;
				GCC_C_LANGUAGE_STANDARD = gnu11;
				GCC_NO_COMMON_BLOCKS = YES;
				GCC_WARN_64_TO_32_BIT_CONVERSION = YES;
				GCC_WARN_ABOUT_RETURN_TYPE = YES_ERROR;
				GCC_WARN_UNDECLARED_SELECTOR = YES;
				GCC_WARN_UNINITIALIZED_AUTOS = YES_AGGRESSIVE;
				GCC_WARN_UNUSED_FUNCTION = YES;
				GCC_WARN_UNUSED_VARIABLE = YES;
				IPHONEOS_DEPLOYMENT_TARGET = 16.2;
				MTL_ENABLE_DEBUG_INFO = NO;
				MTL_FAST_MATH = YES;
				SDKROOT = iphoneos;
				SWIFT_COMPILATION_MODE = wholemodule;
				SWIFT_OPTIMIZATION_LEVEL = "-O";
				VALIDATE_PRODUCT = YES;
			};
			name = Release;
		};
		BBF7E61D298B321E0049747A /* Debug */ = {
			isa = XCBuildConfiguration;
			baseConfigurationReference = 396F25DC293B3F0C000DBA2C /* Pods-My sample project.debug.xcconfig */;
			buildSettings = {
				ASSETCATALOG_COMPILER_APPICON_NAME = AppIcon;
				ASSETCATALOG_COMPILER_GLOBAL_ACCENT_COLOR_NAME = AccentColor;
				CODE_SIGN_STYLE = Automatic;
				CURRENT_PROJECT_VERSION = 1;
				GENERATE_INFOPLIST_FILE = YES;
				INFOPLIST_FILE = "My sample project/Info.plist";
				INFOPLIST_KEY_UIApplicationSupportsIndirectInputEvents = YES;
				INFOPLIST_KEY_UILaunchStoryboardName = LaunchScreen;
				INFOPLIST_KEY_UIMainStoryboardFile = Main;
				INFOPLIST_KEY_UISupportedInterfaceOrientations_iPad = "UIInterfaceOrientationPortrait UIInterfaceOrientationPortraitUpsideDown UIInterfaceOrientationLandscapeLeft UIInterfaceOrientationLandscapeRight";
				INFOPLIST_KEY_UISupportedInterfaceOrientations_iPhone = "UIInterfaceOrientationPortrait UIInterfaceOrientationLandscapeLeft UIInterfaceOrientationLandscapeRight";
				LD_RUNPATH_SEARCH_PATHS = (
					"$(inherited)",
					"@executable_path/Frameworks",
				);
				MARKETING_VERSION = 1.0;
				PRODUCT_BUNDLE_IDENTIFIER = "com.sample.My-sample-project";
				PRODUCT_NAME = "$(TARGET_NAME)";
				SWIFT_EMIT_LOC_STRINGS = YES;
				SWIFT_VERSION = 5.0;
				TARGETED_DEVICE_FAMILY = "1,2";
			};
			name = Debug;
		};
		BBF7E61E298B321E0049747A /* Release */ = {
			isa = XCBuildConfiguration;
			baseConfigurationReference = C690F68A1168980D1CB7FF03 /* Pods-My sample project.release.xcconfig */;
			buildSettings = {
				ASSETCATALOG_COMPILER_APPICON_NAME = AppIcon;
				ASSETCATALOG_COMPILER_GLOBAL_ACCENT_COLOR_NAME = AccentColor;
				CODE_SIGN_STYLE = Automatic;
				CURRENT_PROJECT_VERSION = 1;
				GENERATE_INFOPLIST_FILE = YES;
				INFOPLIST_FILE = "My sample project/Info.plist";
				INFOPLIST_KEY_UIApplicationSupportsIndirectInputEvents = YES;
				INFOPLIST_KEY_UILaunchStoryboardName = LaunchScreen;
				INFOPLIST_KEY_UIMainStoryboardFile = Main;
				INFOPLIST_KEY_UISupportedInterfaceOrientations_iPad = "UIInterfaceOrientationPortrait UIInterfaceOrientationPortraitUpsideDown UIInterfaceOrientationLandscapeLeft UIInterfaceOrientationLandscapeRight";
				INFOPLIST_KEY_UISupportedInterfaceOrientations_iPhone = "UIInterfaceOrientationPortrait UIInterfaceOrientationLandscapeLeft UIInterfaceOrientationLandscapeRight";
				LD_RUNPATH_SEARCH_PATHS = (
					"$(inherited)",
					"@executable_path/Frameworks",
				);
				MARKETING_VERSION = 1.0;
				PRODUCT_BUNDLE_IDENTIFIER = "com.sample.My-sample-project";
				PRODUCT_NAME = "$(TARGET_NAME)";
				SWIFT_EMIT_LOC_STRINGS = YES;
				SWIFT_VERSION = 5.0;
				TARGETED_DEVICE_FAMILY = "1,2";
			};
			name = Release;
		};
/* End XCBuildConfiguration section */

/* Begin XCConfigurationList section */
		BBF7E603298B321B0049747A /* Build configuration list for PBXProject "My sample project" */ = {
			isa = XCConfigurationList;
			buildConfigurations = (
				BBF7E61A298B321E0049747A /* Debug */,
				BBF7E61B298B321E0049747A /* Release */,
			);
			defaultConfigurationIsVisible = 0;
			defaultConfigurationName = Release;
		};
		BBF7E61C298B321E0049747A /* Build configuration list for PBXNativeTarget "My sample project" */ = {
			isa = XCConfigurationList;
			buildConfigurations = (
				BBF7E61D298B321E0049747A /* Debug */,
				BBF7E61E298B321E0049747A /* Release */,
			);
			defaultConfigurationIsVisible = 0;
			defaultConfigurationName = Release;
		};
/* End XCConfigurationList section */
	};
	rootObject = BBF7E600298B321B0049747A /* Project object */;
}
